// !$*UTF8*$!
{
	archiveVersion = 1;
	classes = {
	};
	objectVersion = 50;
	objects = {

/* Begin PBXBuildFile section */
		691F302F79F8359843A5D1F2 /* Pods_TemplateTests.framework in Frameworks */ = {isa = PBXBuildFile; fileRef = 69E1E1DFB06175EE7FA74860 /* Pods_TemplateTests.framework */; };
		830CD66621800C9C003C91A9 /* Recipe.swift in Sources */ = {isa = PBXBuildFile; fileRef = 830CD66521800C9C003C91A9 /* Recipe.swift */; };
		830CD668218016AF003C91A9 /* RecipeService.swift in Sources */ = {isa = PBXBuildFile; fileRef = 830CD667218016AF003C91A9 /* RecipeService.swift */; };
		830CD66B218019DE003C91A9 /* Home.storyboard in Resources */ = {isa = PBXBuildFile; fileRef = 830CD66A218019DE003C91A9 /* Home.storyboard */; };
		830CD66D21801A0B003C91A9 /* HomeViewController.swift in Sources */ = {isa = PBXBuildFile; fileRef = 830CD66C21801A0B003C91A9 /* HomeViewController.swift */; };
		830CD66F21801A1B003C91A9 /* HomeController.swift in Sources */ = {isa = PBXBuildFile; fileRef = 830CD66E21801A1B003C91A9 /* HomeController.swift */; };
		830CD673218022BD003C91A9 /* HomeCollectionViewCell.swift in Sources */ = {isa = PBXBuildFile; fileRef = 830CD671218022BD003C91A9 /* HomeCollectionViewCell.swift */; };
		830CD674218022BD003C91A9 /* HomeCollectionViewCell.xib in Resources */ = {isa = PBXBuildFile; fileRef = 830CD672218022BD003C91A9 /* HomeCollectionViewCell.xib */; };
		830CD6772180BA63003C91A9 /* MainTabViewController.swift in Sources */ = {isa = PBXBuildFile; fileRef = 830CD6762180BA63003C91A9 /* MainTabViewController.swift */; };
		830CD6792180C79A003C91A9 /* UIViewController+Navigation.swift in Sources */ = {isa = PBXBuildFile; fileRef = 830CD6782180C79A003C91A9 /* UIViewController+Navigation.swift */; };
		831466172183A90A00F7B85E /* HomeCollectionViewLayout.swift in Sources */ = {isa = PBXBuildFile; fileRef = 831466162183A90A00F7B85E /* HomeCollectionViewLayout.swift */; };
		831695E7217141010071C3A5 /* AuthenticationService.swift in Sources */ = {isa = PBXBuildFile; fileRef = 831695E6217141010071C3A5 /* AuthenticationService.swift */; };
		831695E92174D7D20071C3A5 /* UIButton+Style.swift in Sources */ = {isa = PBXBuildFile; fileRef = 831695E82174D7D20071C3A5 /* UIButton+Style.swift */; };
		8327707B219FECB600EB622F /* UIView+Style.swift in Sources */ = {isa = PBXBuildFile; fileRef = 8327707A219FECB600EB622F /* UIView+Style.swift */; };
		834D5DAE2159DE40001614CD /* RealmService.swift in Sources */ = {isa = PBXBuildFile; fileRef = 834D5DAD2159DE40001614CD /* RealmService.swift */; };
		834D5DB12159E4F3001614CD /* CompletionHelper.swift in Sources */ = {isa = PBXBuildFile; fileRef = 834D5DB02159E4F3001614CD /* CompletionHelper.swift */; };
		834D5DB4215AD414001614CD /* User.swift in Sources */ = {isa = PBXBuildFile; fileRef = 834D5DB3215AD414001614CD /* User.swift */; };
		835391E42199D17600648562 /* Calculator.storyboard in Resources */ = {isa = PBXBuildFile; fileRef = 835391E32199D17600648562 /* Calculator.storyboard */; };
		835391E62199D18F00648562 /* CalculatorViewController.swift in Sources */ = {isa = PBXBuildFile; fileRef = 835391E52199D18F00648562 /* CalculatorViewController.swift */; };
		835391E82199D1BF00648562 /* CalculatorController.swift in Sources */ = {isa = PBXBuildFile; fileRef = 835391E72199D1BF00648562 /* CalculatorController.swift */; };
		835391EE219A26C400648562 /* CircularSlider.swift in Sources */ = {isa = PBXBuildFile; fileRef = 835391ED219A26C400648562 /* CircularSlider.swift */; };
		835C362C216B21A900A94A52 /* NetworkCompletion.swift in Sources */ = {isa = PBXBuildFile; fileRef = 835C362B216B21A900A94A52 /* NetworkCompletion.swift */; };
		835C362E216B22E800A94A52 /* NetworkService.swift in Sources */ = {isa = PBXBuildFile; fileRef = 835C362D216B22E800A94A52 /* NetworkService.swift */; };
		835C363E216EC2FE00A94A52 /* Ecodable+Dictionary.swift in Sources */ = {isa = PBXBuildFile; fileRef = 835C363D216EC2FE00A94A52 /* Ecodable+Dictionary.swift */; };
		836ECAFB21581CF100B6AA20 /* AppDelegate.swift in Sources */ = {isa = PBXBuildFile; fileRef = 836ECAFA21581CF100B6AA20 /* AppDelegate.swift */; };
		836ECB0021581CF100B6AA20 /* Login.storyboard in Resources */ = {isa = PBXBuildFile; fileRef = 836ECAFE21581CF100B6AA20 /* Login.storyboard */; };
		836ECB0221581CF100B6AA20 /* Assets.xcassets in Resources */ = {isa = PBXBuildFile; fileRef = 836ECB0121581CF100B6AA20 /* Assets.xcassets */; };
		836ECB0521581CF100B6AA20 /* LaunchScreen.storyboard in Resources */ = {isa = PBXBuildFile; fileRef = 836ECB0321581CF100B6AA20 /* LaunchScreen.storyboard */; };
		836ECB1021581CF100B6AA20 /* TemplateTests.swift in Sources */ = {isa = PBXBuildFile; fileRef = 836ECB0F21581CF100B6AA20 /* TemplateTests.swift */; };
		836ECB202158ACB100B6AA20 /* FloatTextField.swift in Sources */ = {isa = PBXBuildFile; fileRef = 836ECB1F2158ACB100B6AA20 /* FloatTextField.swift */; };
		836ECB232158AD9400B6AA20 /* LoginViewController.swift in Sources */ = {isa = PBXBuildFile; fileRef = 836ECB222158AD9400B6AA20 /* LoginViewController.swift */; };
		836ECB2521597C5800B6AA20 /* Strings+Validation.swift in Sources */ = {isa = PBXBuildFile; fileRef = 836ECB2421597C5800B6AA20 /* Strings+Validation.swift */; };
		836ECB2721597EDC00B6AA20 /* LoginController.swift in Sources */ = {isa = PBXBuildFile; fileRef = 836ECB2621597EDC00B6AA20 /* LoginController.swift */; };
		CE3B28267E67924352CD572C /* Pods_Template.framework in Frameworks */ = {isa = PBXBuildFile; fileRef = 60EEFFA50D861EAD08BE9289 /* Pods_Template.framework */; };
/* End PBXBuildFile section */

/* Begin PBXContainerItemProxy section */
		836ECB0C21581CF100B6AA20 /* PBXContainerItemProxy */ = {
			isa = PBXContainerItemProxy;
			containerPortal = 836ECAEF21581CF000B6AA20 /* Project object */;
			proxyType = 1;
			remoteGlobalIDString = 836ECAF621581CF000B6AA20;
			remoteInfo = Template;
		};
/* End PBXContainerItemProxy section */

/* Begin PBXFileReference section */
		08125E41AE0477443CB409C1 /* Pods-Template.debug.xcconfig */ = {isa = PBXFileReference; includeInIndex = 1; lastKnownFileType = text.xcconfig; name = "Pods-Template.debug.xcconfig"; path = "Pods/Target Support Files/Pods-Template/Pods-Template.debug.xcconfig"; sourceTree = "<group>"; };
		20C6F842C5DFEFC5F6DACA72 /* Pods-TemplateTests.debug.xcconfig */ = {isa = PBXFileReference; includeInIndex = 1; lastKnownFileType = text.xcconfig; name = "Pods-TemplateTests.debug.xcconfig"; path = "Pods/Target Support Files/Pods-TemplateTests/Pods-TemplateTests.debug.xcconfig"; sourceTree = "<group>"; };
		52F52814FB41EF0C16C26F77 /* Pods-TemplateTests.release.xcconfig */ = {isa = PBXFileReference; includeInIndex = 1; lastKnownFileType = text.xcconfig; name = "Pods-TemplateTests.release.xcconfig"; path = "Pods/Target Support Files/Pods-TemplateTests/Pods-TemplateTests.release.xcconfig"; sourceTree = "<group>"; };
		60EEFFA50D861EAD08BE9289 /* Pods_Template.framework */ = {isa = PBXFileReference; explicitFileType = wrapper.framework; includeInIndex = 0; path = Pods_Template.framework; sourceTree = BUILT_PRODUCTS_DIR; };
		69E1E1DFB06175EE7FA74860 /* Pods_TemplateTests.framework */ = {isa = PBXFileReference; explicitFileType = wrapper.framework; includeInIndex = 0; path = Pods_TemplateTests.framework; sourceTree = BUILT_PRODUCTS_DIR; };
		830CD66521800C9C003C91A9 /* Recipe.swift */ = {isa = PBXFileReference; lastKnownFileType = sourcecode.swift; path = Recipe.swift; sourceTree = "<group>"; };
		830CD667218016AF003C91A9 /* RecipeService.swift */ = {isa = PBXFileReference; lastKnownFileType = sourcecode.swift; path = RecipeService.swift; sourceTree = "<group>"; };
		830CD66A218019DE003C91A9 /* Home.storyboard */ = {isa = PBXFileReference; lastKnownFileType = file.storyboard; path = Home.storyboard; sourceTree = "<group>"; };
		830CD66C21801A0B003C91A9 /* HomeViewController.swift */ = {isa = PBXFileReference; lastKnownFileType = sourcecode.swift; path = HomeViewController.swift; sourceTree = "<group>"; };
		830CD66E21801A1B003C91A9 /* HomeController.swift */ = {isa = PBXFileReference; lastKnownFileType = sourcecode.swift; path = HomeController.swift; sourceTree = "<group>"; };
		830CD671218022BD003C91A9 /* HomeCollectionViewCell.swift */ = {isa = PBXFileReference; lastKnownFileType = sourcecode.swift; path = HomeCollectionViewCell.swift; sourceTree = "<group>"; };
		830CD672218022BD003C91A9 /* HomeCollectionViewCell.xib */ = {isa = PBXFileReference; lastKnownFileType = file.xib; path = HomeCollectionViewCell.xib; sourceTree = "<group>"; };
		830CD6762180BA63003C91A9 /* MainTabViewController.swift */ = {isa = PBXFileReference; lastKnownFileType = sourcecode.swift; path = MainTabViewController.swift; sourceTree = "<group>"; };
		830CD6782180C79A003C91A9 /* UIViewController+Navigation.swift */ = {isa = PBXFileReference; lastKnownFileType = sourcecode.swift; path = "UIViewController+Navigation.swift"; sourceTree = "<group>"; };
		831466162183A90A00F7B85E /* HomeCollectionViewLayout.swift */ = {isa = PBXFileReference; lastKnownFileType = sourcecode.swift; path = HomeCollectionViewLayout.swift; sourceTree = "<group>"; };
		831695E6217141010071C3A5 /* AuthenticationService.swift */ = {isa = PBXFileReference; lastKnownFileType = sourcecode.swift; path = AuthenticationService.swift; sourceTree = "<group>"; };
		831695E82174D7D20071C3A5 /* UIButton+Style.swift */ = {isa = PBXFileReference; lastKnownFileType = sourcecode.swift; path = "UIButton+Style.swift"; sourceTree = "<group>"; };
		8327707A219FECB600EB622F /* UIView+Style.swift */ = {isa = PBXFileReference; lastKnownFileType = sourcecode.swift; path = "UIView+Style.swift"; sourceTree = "<group>"; };
		834D5DAD2159DE40001614CD /* RealmService.swift */ = {isa = PBXFileReference; lastKnownFileType = sourcecode.swift; path = RealmService.swift; sourceTree = "<group>"; };
		834D5DB02159E4F3001614CD /* CompletionHelper.swift */ = {isa = PBXFileReference; lastKnownFileType = sourcecode.swift; path = CompletionHelper.swift; sourceTree = "<group>"; };
		834D5DB3215AD414001614CD /* User.swift */ = {isa = PBXFileReference; lastKnownFileType = sourcecode.swift; path = User.swift; sourceTree = "<group>"; };
		835391E32199D17600648562 /* Calculator.storyboard */ = {isa = PBXFileReference; lastKnownFileType = file.storyboard; path = Calculator.storyboard; sourceTree = "<group>"; };
		835391E52199D18F00648562 /* CalculatorViewController.swift */ = {isa = PBXFileReference; lastKnownFileType = sourcecode.swift; path = CalculatorViewController.swift; sourceTree = "<group>"; };
		835391E72199D1BF00648562 /* CalculatorController.swift */ = {isa = PBXFileReference; lastKnownFileType = sourcecode.swift; path = CalculatorController.swift; sourceTree = "<group>"; };
		835391ED219A26C400648562 /* CircularSlider.swift */ = {isa = PBXFileReference; lastKnownFileType = sourcecode.swift; path = CircularSlider.swift; sourceTree = "<group>"; };
		835C362B216B21A900A94A52 /* NetworkCompletion.swift */ = {isa = PBXFileReference; lastKnownFileType = sourcecode.swift; path = NetworkCompletion.swift; sourceTree = "<group>"; };
		835C362D216B22E800A94A52 /* NetworkService.swift */ = {isa = PBXFileReference; lastKnownFileType = sourcecode.swift; path = NetworkService.swift; sourceTree = "<group>"; };
		835C363D216EC2FE00A94A52 /* Ecodable+Dictionary.swift */ = {isa = PBXFileReference; lastKnownFileType = sourcecode.swift; path = "Ecodable+Dictionary.swift"; sourceTree = "<group>"; };
		836ECAF721581CF000B6AA20 /* Template.app */ = {isa = PBXFileReference; explicitFileType = wrapper.application; includeInIndex = 0; path = Template.app; sourceTree = BUILT_PRODUCTS_DIR; };
		836ECAFA21581CF100B6AA20 /* AppDelegate.swift */ = {isa = PBXFileReference; lastKnownFileType = sourcecode.swift; path = AppDelegate.swift; sourceTree = "<group>"; };
		836ECAFF21581CF100B6AA20 /* Base */ = {isa = PBXFileReference; lastKnownFileType = file.storyboard; name = Base; path = Base.lproj/Login.storyboard; sourceTree = "<group>"; };
		836ECB0121581CF100B6AA20 /* Assets.xcassets */ = {isa = PBXFileReference; lastKnownFileType = folder.assetcatalog; path = Assets.xcassets; sourceTree = "<group>"; };
		836ECB0421581CF100B6AA20 /* Base */ = {isa = PBXFileReference; lastKnownFileType = file.storyboard; name = Base; path = Base.lproj/LaunchScreen.storyboard; sourceTree = "<group>"; };
		836ECB0621581CF100B6AA20 /* Info.plist */ = {isa = PBXFileReference; lastKnownFileType = text.plist.xml; path = Info.plist; sourceTree = "<group>"; };
		836ECB0B21581CF100B6AA20 /* TemplateTests.xctest */ = {isa = PBXFileReference; explicitFileType = wrapper.cfbundle; includeInIndex = 0; path = TemplateTests.xctest; sourceTree = BUILT_PRODUCTS_DIR; };
		836ECB0F21581CF100B6AA20 /* TemplateTests.swift */ = {isa = PBXFileReference; lastKnownFileType = sourcecode.swift; path = TemplateTests.swift; sourceTree = "<group>"; };
		836ECB1121581CF100B6AA20 /* Info.plist */ = {isa = PBXFileReference; lastKnownFileType = text.plist.xml; path = Info.plist; sourceTree = "<group>"; };
		836ECB1F2158ACB100B6AA20 /* FloatTextField.swift */ = {isa = PBXFileReference; lastKnownFileType = sourcecode.swift; path = FloatTextField.swift; sourceTree = "<group>"; };
		836ECB222158AD9400B6AA20 /* LoginViewController.swift */ = {isa = PBXFileReference; lastKnownFileType = sourcecode.swift; path = LoginViewController.swift; sourceTree = "<group>"; };
		836ECB2421597C5800B6AA20 /* Strings+Validation.swift */ = {isa = PBXFileReference; lastKnownFileType = sourcecode.swift; path = "Strings+Validation.swift"; sourceTree = "<group>"; };
		836ECB2621597EDC00B6AA20 /* LoginController.swift */ = {isa = PBXFileReference; lastKnownFileType = sourcecode.swift; path = LoginController.swift; sourceTree = "<group>"; };
		F4402EC7B02C7A6109214AAC /* Pods-Template.release.xcconfig */ = {isa = PBXFileReference; includeInIndex = 1; lastKnownFileType = text.xcconfig; name = "Pods-Template.release.xcconfig"; path = "Pods/Target Support Files/Pods-Template/Pods-Template.release.xcconfig"; sourceTree = "<group>"; };
/* End PBXFileReference section */

/* Begin PBXFrameworksBuildPhase section */
		836ECAF421581CF000B6AA20 /* Frameworks */ = {
			isa = PBXFrameworksBuildPhase;
			buildActionMask = 2147483647;
			files = (
				CE3B28267E67924352CD572C /* Pods_Template.framework in Frameworks */,
			);
			runOnlyForDeploymentPostprocessing = 0;
		};
		836ECB0821581CF100B6AA20 /* Frameworks */ = {
			isa = PBXFrameworksBuildPhase;
			buildActionMask = 2147483647;
			files = (
				691F302F79F8359843A5D1F2 /* Pods_TemplateTests.framework in Frameworks */,
			);
			runOnlyForDeploymentPostprocessing = 0;
		};
/* End PBXFrameworksBuildPhase section */

/* Begin PBXGroup section */
		1C1BB60FB5D835B5AA86CC74 /* Frameworks */ = {
			isa = PBXGroup;
			children = (
				60EEFFA50D861EAD08BE9289 /* Pods_Template.framework */,
				69E1E1DFB06175EE7FA74860 /* Pods_TemplateTests.framework */,
			);
			name = Frameworks;
			sourceTree = "<group>";
		};
		4E31E1EB962C7F39453F7CE2 /* Pods */ = {
			isa = PBXGroup;
			children = (
				08125E41AE0477443CB409C1 /* Pods-Template.debug.xcconfig */,
				F4402EC7B02C7A6109214AAC /* Pods-Template.release.xcconfig */,
				20C6F842C5DFEFC5F6DACA72 /* Pods-TemplateTests.debug.xcconfig */,
				52F52814FB41EF0C16C26F77 /* Pods-TemplateTests.release.xcconfig */,
			);
			name = Pods;
			sourceTree = "<group>";
		};
		830CD669218019C7003C91A9 /* Home */ = {
			isa = PBXGroup;
			children = (
				831466152183A89300F7B85E /* Layout */,
				830CD67021802277003C91A9 /* HomeCollectionViewCells */,
				830CD66A218019DE003C91A9 /* Home.storyboard */,
				830CD66C21801A0B003C91A9 /* HomeViewController.swift */,
				830CD66E21801A1B003C91A9 /* HomeController.swift */,
			);
			path = Home;
			sourceTree = "<group>";
		};
		830CD67021802277003C91A9 /* HomeCollectionViewCells */ = {
			isa = PBXGroup;
			children = (
				830CD671218022BD003C91A9 /* HomeCollectionViewCell.swift */,
				830CD672218022BD003C91A9 /* HomeCollectionViewCell.xib */,
			);
			path = HomeCollectionViewCells;
			sourceTree = "<group>";
		};
		830CD6752180BA34003C91A9 /* MainTabBar */ = {
			isa = PBXGroup;
			children = (
				830CD6762180BA63003C91A9 /* MainTabViewController.swift */,
			);
			path = MainTabBar;
			sourceTree = "<group>";
		};
		8314661421816E5300F7B85E /* Supplementary */ = {
			isa = PBXGroup;
			children = (
				836ECB1F2158ACB100B6AA20 /* FloatTextField.swift */,
				835391ED219A26C400648562 /* CircularSlider.swift */,
			);
			path = Supplementary;
			sourceTree = "<group>";
		};
		831466152183A89300F7B85E /* Layout */ = {
			isa = PBXGroup;
			children = (
				831466162183A90A00F7B85E /* HomeCollectionViewLayout.swift */,
			);
			path = Layout;
			sourceTree = "<group>";
		};
		83146618218C126600F7B85E /* Calculator */ = {
			isa = PBXGroup;
			children = (
				835391E32199D17600648562 /* Calculator.storyboard */,
				835391E52199D18F00648562 /* CalculatorViewController.swift */,
				835391E72199D1BF00648562 /* CalculatorController.swift */,
			);
			path = Calculator;
			sourceTree = "<group>";
		};
		834D5DAF2159E4D7001614CD /* Helpers */ = {
			isa = PBXGroup;
			children = (
				834D5DB02159E4F3001614CD /* CompletionHelper.swift */,
			);
			path = Helpers;
			sourceTree = "<group>";
		};
		834D5DB2215AD3FE001614CD /* Models */ = {
			isa = PBXGroup;
			children = (
				834D5DB3215AD414001614CD /* User.swift */,
				830CD66521800C9C003C91A9 /* Recipe.swift */,
			);
			path = Models;
			sourceTree = "<group>";
		};
		835C362A216B20E100A94A52 /* Networking */ = {
			isa = PBXGroup;
			children = (
				835C362B216B21A900A94A52 /* NetworkCompletion.swift */,
				835C362D216B22E800A94A52 /* NetworkService.swift */,
			);
			path = Networking;
			sourceTree = "<group>";
		};
		836ECAEE21581CF000B6AA20 = {
			isa = PBXGroup;
			children = (
				836ECAF921581CF000B6AA20 /* Template */,
				836ECB0E21581CF100B6AA20 /* TemplateTests */,
				836ECAF821581CF000B6AA20 /* Products */,
				4E31E1EB962C7F39453F7CE2 /* Pods */,
				1C1BB60FB5D835B5AA86CC74 /* Frameworks */,
			);
			sourceTree = "<group>";
		};
		836ECAF821581CF000B6AA20 /* Products */ = {
			isa = PBXGroup;
			children = (
				836ECAF721581CF000B6AA20 /* Template.app */,
				836ECB0B21581CF100B6AA20 /* TemplateTests.xctest */,
			);
			name = Products;
			sourceTree = "<group>";
		};
		836ECAF921581CF000B6AA20 /* Template */ = {
			isa = PBXGroup;
			children = (
				836ECAFA21581CF100B6AA20 /* AppDelegate.swift */,
				834D5DAF2159E4D7001614CD /* Helpers */,
				836ECB1E2158AC3300B6AA20 /* Extensions */,
				834D5DB2215AD3FE001614CD /* Models */,
				836ECB1D21584BA200B6AA20 /* Services */,
				835C362A216B20E100A94A52 /* Networking */,
				836ECB1C21584B5B00B6AA20 /* Views */,
				836ECB0121581CF100B6AA20 /* Assets.xcassets */,
				836ECB0621581CF100B6AA20 /* Info.plist */,
			);
			path = Template;
			sourceTree = "<group>";
		};
		836ECB0E21581CF100B6AA20 /* TemplateTests */ = {
			isa = PBXGroup;
			children = (
				836ECB0F21581CF100B6AA20 /* TemplateTests.swift */,
				836ECB1121581CF100B6AA20 /* Info.plist */,
			);
			path = TemplateTests;
			sourceTree = "<group>";
		};
		836ECB1C21584B5B00B6AA20 /* Views */ = {
			isa = PBXGroup;
			children = (
				836ECB0321581CF100B6AA20 /* LaunchScreen.storyboard */,
				83146618218C126600F7B85E /* Calculator */,
				8314661421816E5300F7B85E /* Supplementary */,
				830CD6752180BA34003C91A9 /* MainTabBar */,
				830CD669218019C7003C91A9 /* Home */,
				836ECB212158AD7F00B6AA20 /* Login */,
			);
			path = Views;
			sourceTree = "<group>";
		};
		836ECB1D21584BA200B6AA20 /* Services */ = {
			isa = PBXGroup;
			children = (
				834D5DAD2159DE40001614CD /* RealmService.swift */,
				831695E6217141010071C3A5 /* AuthenticationService.swift */,
				830CD667218016AF003C91A9 /* RecipeService.swift */,
			);
			path = Services;
			sourceTree = "<group>";
		};
		836ECB1E2158AC3300B6AA20 /* Extensions */ = {
			isa = PBXGroup;
			children = (
				836ECB2421597C5800B6AA20 /* Strings+Validation.swift */,
				835C363D216EC2FE00A94A52 /* Ecodable+Dictionary.swift */,
				831695E82174D7D20071C3A5 /* UIButton+Style.swift */,
				830CD6782180C79A003C91A9 /* UIViewController+Navigation.swift */,
				8327707A219FECB600EB622F /* UIView+Style.swift */,
			);
			path = Extensions;
			sourceTree = "<group>";
		};
		836ECB212158AD7F00B6AA20 /* Login */ = {
			isa = PBXGroup;
			children = (
				836ECAFE21581CF100B6AA20 /* Login.storyboard */,
				836ECB222158AD9400B6AA20 /* LoginViewController.swift */,
				836ECB2621597EDC00B6AA20 /* LoginController.swift */,
			);
			path = Login;
			sourceTree = "<group>";
		};
/* End PBXGroup section */

/* Begin PBXNativeTarget section */
		836ECAF621581CF000B6AA20 /* Template */ = {
			isa = PBXNativeTarget;
			buildConfigurationList = 836ECB1421581CF100B6AA20 /* Build configuration list for PBXNativeTarget "Template" */;
			buildPhases = (
				3DBF1ACAAFF168BBE9B11071 /* [CP] Check Pods Manifest.lock */,
				836ECAF321581CF000B6AA20 /* Sources */,
				836ECAF421581CF000B6AA20 /* Frameworks */,
				836ECAF521581CF000B6AA20 /* Resources */,
				BCD6FFAD4B07F915C8E91818 /* [CP] Embed Pods Frameworks */,
			);
			buildRules = (
			);
			dependencies = (
			);
			name = Template;
			productName = Template;
			productReference = 836ECAF721581CF000B6AA20 /* Template.app */;
			productType = "com.apple.product-type.application";
		};
		836ECB0A21581CF100B6AA20 /* TemplateTests */ = {
			isa = PBXNativeTarget;
			buildConfigurationList = 836ECB1721581CF100B6AA20 /* Build configuration list for PBXNativeTarget "TemplateTests" */;
			buildPhases = (
				CBD5C0CD0AB3B1D72C03AFDA /* [CP] Check Pods Manifest.lock */,
				836ECB0721581CF100B6AA20 /* Sources */,
				836ECB0821581CF100B6AA20 /* Frameworks */,
				836ECB0921581CF100B6AA20 /* Resources */,
			);
			buildRules = (
			);
			dependencies = (
				836ECB0D21581CF100B6AA20 /* PBXTargetDependency */,
			);
			name = TemplateTests;
			productName = TemplateTests;
			productReference = 836ECB0B21581CF100B6AA20 /* TemplateTests.xctest */;
			productType = "com.apple.product-type.bundle.unit-test";
		};
/* End PBXNativeTarget section */

/* Begin PBXProject section */
		836ECAEF21581CF000B6AA20 /* Project object */ = {
			isa = PBXProject;
			attributes = {
				LastSwiftUpdateCheck = 0940;
				LastUpgradeCheck = 0940;
				ORGANIZATIONNAME = "Preston Perriott";
				TargetAttributes = {
					836ECAF621581CF000B6AA20 = {
						CreatedOnToolsVersion = 9.4.1;
					};
					836ECB0A21581CF100B6AA20 = {
						CreatedOnToolsVersion = 9.4.1;
						TestTargetID = 836ECAF621581CF000B6AA20;
					};
				};
			};
			buildConfigurationList = 836ECAF221581CF000B6AA20 /* Build configuration list for PBXProject "Template" */;
			compatibilityVersion = "Xcode 9.3";
			developmentRegion = en;
			hasScannedForEncodings = 0;
			knownRegions = (
				en,
				Base,
			);
			mainGroup = 836ECAEE21581CF000B6AA20;
			productRefGroup = 836ECAF821581CF000B6AA20 /* Products */;
			projectDirPath = "";
			projectRoot = "";
			targets = (
				836ECAF621581CF000B6AA20 /* Template */,
				836ECB0A21581CF100B6AA20 /* TemplateTests */,
			);
		};
/* End PBXProject section */

/* Begin PBXResourcesBuildPhase section */
		836ECAF521581CF000B6AA20 /* Resources */ = {
			isa = PBXResourcesBuildPhase;
			buildActionMask = 2147483647;
			files = (
				830CD674218022BD003C91A9 /* HomeCollectionViewCell.xib in Resources */,
				836ECB0521581CF100B6AA20 /* LaunchScreen.storyboard in Resources */,
				836ECB0221581CF100B6AA20 /* Assets.xcassets in Resources */,
				836ECB0021581CF100B6AA20 /* Login.storyboard in Resources */,
				835391E42199D17600648562 /* Calculator.storyboard in Resources */,
				830CD66B218019DE003C91A9 /* Home.storyboard in Resources */,
			);
			runOnlyForDeploymentPostprocessing = 0;
		};
		836ECB0921581CF100B6AA20 /* Resources */ = {
			isa = PBXResourcesBuildPhase;
			buildActionMask = 2147483647;
			files = (
			);
			runOnlyForDeploymentPostprocessing = 0;
		};
/* End PBXResourcesBuildPhase section */

/* Begin PBXShellScriptBuildPhase section */
		3DBF1ACAAFF168BBE9B11071 /* [CP] Check Pods Manifest.lock */ = {
			isa = PBXShellScriptBuildPhase;
			buildActionMask = 2147483647;
			files = (
			);
			inputPaths = (
				"${PODS_PODFILE_DIR_PATH}/Podfile.lock",
				"${PODS_ROOT}/Manifest.lock",
			);
			name = "[CP] Check Pods Manifest.lock";
			outputPaths = (
				"$(DERIVED_FILE_DIR)/Pods-Template-checkManifestLockResult.txt",
			);
			runOnlyForDeploymentPostprocessing = 0;
			shellPath = /bin/sh;
			shellScript = "diff \"${PODS_PODFILE_DIR_PATH}/Podfile.lock\" \"${PODS_ROOT}/Manifest.lock\" > /dev/null\nif [ $? != 0 ] ; then\n    # print error to STDERR\n    echo \"error: The sandbox is not in sync with the Podfile.lock. Run 'pod install' or update your CocoaPods installation.\" >&2\n    exit 1\nfi\n# This output is used by Xcode 'outputs' to avoid re-running this script phase.\necho \"SUCCESS\" > \"${SCRIPT_OUTPUT_FILE_0}\"\n";
			showEnvVarsInLog = 0;
		};
		BCD6FFAD4B07F915C8E91818 /* [CP] Embed Pods Frameworks */ = {
			isa = PBXShellScriptBuildPhase;
			buildActionMask = 2147483647;
			files = (
			);
			inputPaths = (
				"${SRCROOT}/Pods/Target Support Files/Pods-Template/Pods-Template-frameworks.sh",
				"${BUILT_PRODUCTS_DIR}/Alamofire/Alamofire.framework",
				"${BUILT_PRODUCTS_DIR}/AlamofireNetworkActivityIndicator/AlamofireNetworkActivityIndicator.framework",
				"${BUILT_PRODUCTS_DIR}/IQKeyboardManagerSwift/IQKeyboardManagerSwift.framework",
				"${BUILT_PRODUCTS_DIR}/KeychainSwift/KeychainSwift.framework",
				"${BUILT_PRODUCTS_DIR}/MediumMenu/MediumMenu.framework",
				"${BUILT_PRODUCTS_DIR}/Realm/Realm.framework",
				"${BUILT_PRODUCTS_DIR}/RealmSwift/RealmSwift.framework",
				"${BUILT_PRODUCTS_DIR}/SVProgressHUD/SVProgressHUD.framework",
				"${BUILT_PRODUCTS_DIR}/SwiftyJSON/SwiftyJSON.framework",
			);
			name = "[CP] Embed Pods Frameworks";
			outputPaths = (
				"${TARGET_BUILD_DIR}/${FRAMEWORKS_FOLDER_PATH}/Alamofire.framework",
				"${TARGET_BUILD_DIR}/${FRAMEWORKS_FOLDER_PATH}/AlamofireNetworkActivityIndicator.framework",
				"${TARGET_BUILD_DIR}/${FRAMEWORKS_FOLDER_PATH}/IQKeyboardManagerSwift.framework",
				"${TARGET_BUILD_DIR}/${FRAMEWORKS_FOLDER_PATH}/KeychainSwift.framework",
				"${TARGET_BUILD_DIR}/${FRAMEWORKS_FOLDER_PATH}/MediumMenu.framework",
				"${TARGET_BUILD_DIR}/${FRAMEWORKS_FOLDER_PATH}/Realm.framework",
				"${TARGET_BUILD_DIR}/${FRAMEWORKS_FOLDER_PATH}/RealmSwift.framework",
				"${TARGET_BUILD_DIR}/${FRAMEWORKS_FOLDER_PATH}/SVProgressHUD.framework",
				"${TARGET_BUILD_DIR}/${FRAMEWORKS_FOLDER_PATH}/SwiftyJSON.framework",
			);
			runOnlyForDeploymentPostprocessing = 0;
			shellPath = /bin/sh;
			shellScript = "\"${SRCROOT}/Pods/Target Support Files/Pods-Template/Pods-Template-frameworks.sh\"\n";
			showEnvVarsInLog = 0;
		};
		CBD5C0CD0AB3B1D72C03AFDA /* [CP] Check Pods Manifest.lock */ = {
			isa = PBXShellScriptBuildPhase;
			buildActionMask = 2147483647;
			files = (
			);
			inputPaths = (
				"${PODS_PODFILE_DIR_PATH}/Podfile.lock",
				"${PODS_ROOT}/Manifest.lock",
			);
			name = "[CP] Check Pods Manifest.lock";
			outputPaths = (
				"$(DERIVED_FILE_DIR)/Pods-TemplateTests-checkManifestLockResult.txt",
			);
			runOnlyForDeploymentPostprocessing = 0;
			shellPath = /bin/sh;
			shellScript = "diff \"${PODS_PODFILE_DIR_PATH}/Podfile.lock\" \"${PODS_ROOT}/Manifest.lock\" > /dev/null\nif [ $? != 0 ] ; then\n    # print error to STDERR\n    echo \"error: The sandbox is not in sync with the Podfile.lock. Run 'pod install' or update your CocoaPods installation.\" >&2\n    exit 1\nfi\n# This output is used by Xcode 'outputs' to avoid re-running this script phase.\necho \"SUCCESS\" > \"${SCRIPT_OUTPUT_FILE_0}\"\n";
			showEnvVarsInLog = 0;
		};
/* End PBXShellScriptBuildPhase section */

/* Begin PBXSourcesBuildPhase section */
		836ECAF321581CF000B6AA20 /* Sources */ = {
			isa = PBXSourcesBuildPhase;
			buildActionMask = 2147483647;
			files = (
				830CD6772180BA63003C91A9 /* MainTabViewController.swift in Sources */,
				835C362E216B22E800A94A52 /* NetworkService.swift in Sources */,
				835391E62199D18F00648562 /* CalculatorViewController.swift in Sources */,
				836ECB232158AD9400B6AA20 /* LoginViewController.swift in Sources */,
				8327707B219FECB600EB622F /* UIView+Style.swift in Sources */,
				834D5DAE2159DE40001614CD /* RealmService.swift in Sources */,
				831695E7217141010071C3A5 /* AuthenticationService.swift in Sources */,
				831695E92174D7D20071C3A5 /* UIButton+Style.swift in Sources */,
				830CD673218022BD003C91A9 /* HomeCollectionViewCell.swift in Sources */,
				835391E82199D1BF00648562 /* CalculatorController.swift in Sources */,
				836ECAFB21581CF100B6AA20 /* AppDelegate.swift in Sources */,
				836ECB202158ACB100B6AA20 /* FloatTextField.swift in Sources */,
				831466172183A90A00F7B85E /* HomeCollectionViewLayout.swift in Sources */,
				830CD668218016AF003C91A9 /* RecipeService.swift in Sources */,
				830CD66F21801A1B003C91A9 /* HomeController.swift in Sources */,
				834D5DB4215AD414001614CD /* User.swift in Sources */,
				835C362C216B21A900A94A52 /* NetworkCompletion.swift in Sources */,
				830CD66621800C9C003C91A9 /* Recipe.swift in Sources */,
				830CD66D21801A0B003C91A9 /* HomeViewController.swift in Sources */,
				836ECB2521597C5800B6AA20 /* Strings+Validation.swift in Sources */,
				830CD6792180C79A003C91A9 /* UIViewController+Navigation.swift in Sources */,
				834D5DB12159E4F3001614CD /* CompletionHelper.swift in Sources */,
				835C363E216EC2FE00A94A52 /* Ecodable+Dictionary.swift in Sources */,
				836ECB2721597EDC00B6AA20 /* LoginController.swift in Sources */,
				835391EE219A26C400648562 /* CircularSlider.swift in Sources */,
			);
			runOnlyForDeploymentPostprocessing = 0;
		};
		836ECB0721581CF100B6AA20 /* Sources */ = {
			isa = PBXSourcesBuildPhase;
			buildActionMask = 2147483647;
			files = (
				836ECB1021581CF100B6AA20 /* TemplateTests.swift in Sources */,
			);
			runOnlyForDeploymentPostprocessing = 0;
		};
/* End PBXSourcesBuildPhase section */

/* Begin PBXTargetDependency section */
		836ECB0D21581CF100B6AA20 /* PBXTargetDependency */ = {
			isa = PBXTargetDependency;
			target = 836ECAF621581CF000B6AA20 /* Template */;
			targetProxy = 836ECB0C21581CF100B6AA20 /* PBXContainerItemProxy */;
		};
/* End PBXTargetDependency section */

/* Begin PBXVariantGroup section */
		836ECAFE21581CF100B6AA20 /* Login.storyboard */ = {
			isa = PBXVariantGroup;
			children = (
				836ECAFF21581CF100B6AA20 /* Base */,
			);
			name = Login.storyboard;
			sourceTree = "<group>";
		};
		836ECB0321581CF100B6AA20 /* LaunchScreen.storyboard */ = {
			isa = PBXVariantGroup;
			children = (
				836ECB0421581CF100B6AA20 /* Base */,
			);
			name = LaunchScreen.storyboard;
			sourceTree = "<group>";
		};
/* End PBXVariantGroup section */

/* Begin XCBuildConfiguration section */
		836ECB1221581CF100B6AA20 /* Debug */ = {
			isa = XCBuildConfiguration;
			buildSettings = {
				ALWAYS_SEARCH_USER_PATHS = NO;
				CLANG_ANALYZER_NONNULL = YES;
				CLANG_ANALYZER_NUMBER_OBJECT_CONVERSION = YES_AGGRESSIVE;
				CLANG_CXX_LANGUAGE_STANDARD = "gnu++14";
				CLANG_CXX_LIBRARY = "libc++";
				CLANG_ENABLE_MODULES = YES;
				CLANG_ENABLE_OBJC_ARC = YES;
				CLANG_ENABLE_OBJC_WEAK = YES;
				CLANG_WARN_BLOCK_CAPTURE_AUTORELEASING = YES;
				CLANG_WARN_BOOL_CONVERSION = YES;
				CLANG_WARN_COMMA = YES;
				CLANG_WARN_CONSTANT_CONVERSION = YES;
				CLANG_WARN_DEPRECATED_OBJC_IMPLEMENTATIONS = YES;
				CLANG_WARN_DIRECT_OBJC_ISA_USAGE = YES_ERROR;
				CLANG_WARN_DOCUMENTATION_COMMENTS = YES;
				CLANG_WARN_EMPTY_BODY = YES;
				CLANG_WARN_ENUM_CONVERSION = YES;
				CLANG_WARN_INFINITE_RECURSION = YES;
				CLANG_WARN_INT_CONVERSION = YES;
				CLANG_WARN_NON_LITERAL_NULL_CONVERSION = YES;
				CLANG_WARN_OBJC_IMPLICIT_RETAIN_SELF = YES;
				CLANG_WARN_OBJC_LITERAL_CONVERSION = YES;
				CLANG_WARN_OBJC_ROOT_CLASS = YES_ERROR;
				CLANG_WARN_RANGE_LOOP_ANALYSIS = YES;
				CLANG_WARN_STRICT_PROTOTYPES = YES;
				CLANG_WARN_SUSPICIOUS_MOVE = YES;
				CLANG_WARN_UNGUARDED_AVAILABILITY = YES_AGGRESSIVE;
				CLANG_WARN_UNREACHABLE_CODE = YES;
				CLANG_WARN__DUPLICATE_METHOD_MATCH = YES;
				CODE_SIGN_IDENTITY = "iPhone Developer";
				COPY_PHASE_STRIP = NO;
				DEBUG_INFORMATION_FORMAT = dwarf;
				ENABLE_STRICT_OBJC_MSGSEND = YES;
				ENABLE_TESTABILITY = YES;
				GCC_C_LANGUAGE_STANDARD = gnu11;
				GCC_DYNAMIC_NO_PIC = NO;
				GCC_NO_COMMON_BLOCKS = YES;
				GCC_OPTIMIZATION_LEVEL = 0;
				GCC_PREPROCESSOR_DEFINITIONS = (
					"DEBUG=1",
					"$(inherited)",
				);
				GCC_WARN_64_TO_32_BIT_CONVERSION = YES;
				GCC_WARN_ABOUT_RETURN_TYPE = YES_ERROR;
				GCC_WARN_UNDECLARED_SELECTOR = YES;
				GCC_WARN_UNINITIALIZED_AUTOS = YES_AGGRESSIVE;
				GCC_WARN_UNUSED_FUNCTION = YES;
				GCC_WARN_UNUSED_VARIABLE = YES;
				IPHONEOS_DEPLOYMENT_TARGET = 11.4;
				MTL_ENABLE_DEBUG_INFO = YES;
				ONLY_ACTIVE_ARCH = YES;
				SDKROOT = iphoneos;
				SWIFT_ACTIVE_COMPILATION_CONDITIONS = DEBUG;
				SWIFT_OPTIMIZATION_LEVEL = "-Onone";
			};
			name = Debug;
		};
		836ECB1321581CF100B6AA20 /* Release */ = {
			isa = XCBuildConfiguration;
			buildSettings = {
				ALWAYS_SEARCH_USER_PATHS = NO;
				CLANG_ANALYZER_NONNULL = YES;
				CLANG_ANALYZER_NUMBER_OBJECT_CONVERSION = YES_AGGRESSIVE;
				CLANG_CXX_LANGUAGE_STANDARD = "gnu++14";
				CLANG_CXX_LIBRARY = "libc++";
				CLANG_ENABLE_MODULES = YES;
				CLANG_ENABLE_OBJC_ARC = YES;
				CLANG_ENABLE_OBJC_WEAK = YES;
				CLANG_WARN_BLOCK_CAPTURE_AUTORELEASING = YES;
				CLANG_WARN_BOOL_CONVERSION = YES;
				CLANG_WARN_COMMA = YES;
				CLANG_WARN_CONSTANT_CONVERSION = YES;
				CLANG_WARN_DEPRECATED_OBJC_IMPLEMENTATIONS = YES;
				CLANG_WARN_DIRECT_OBJC_ISA_USAGE = YES_ERROR;
				CLANG_WARN_DOCUMENTATION_COMMENTS = YES;
				CLANG_WARN_EMPTY_BODY = YES;
				CLANG_WARN_ENUM_CONVERSION = YES;
				CLANG_WARN_INFINITE_RECURSION = YES;
				CLANG_WARN_INT_CONVERSION = YES;
				CLANG_WARN_NON_LITERAL_NULL_CONVERSION = YES;
				CLANG_WARN_OBJC_IMPLICIT_RETAIN_SELF = YES;
				CLANG_WARN_OBJC_LITERAL_CONVERSION = YES;
				CLANG_WARN_OBJC_ROOT_CLASS = YES_ERROR;
				CLANG_WARN_RANGE_LOOP_ANALYSIS = YES;
				CLANG_WARN_STRICT_PROTOTYPES = YES;
				CLANG_WARN_SUSPICIOUS_MOVE = YES;
				CLANG_WARN_UNGUARDED_AVAILABILITY = YES_AGGRESSIVE;
				CLANG_WARN_UNREACHABLE_CODE = YES;
				CLANG_WARN__DUPLICATE_METHOD_MATCH = YES;
				CODE_SIGN_IDENTITY = "iPhone Developer";
				COPY_PHASE_STRIP = NO;
				DEBUG_INFORMATION_FORMAT = "dwarf-with-dsym";
				ENABLE_NS_ASSERTIONS = NO;
				ENABLE_STRICT_OBJC_MSGSEND = YES;
				GCC_C_LANGUAGE_STANDARD = gnu11;
				GCC_NO_COMMON_BLOCKS = YES;
				GCC_WARN_64_TO_32_BIT_CONVERSION = YES;
				GCC_WARN_ABOUT_RETURN_TYPE = YES_ERROR;
				GCC_WARN_UNDECLARED_SELECTOR = YES;
				GCC_WARN_UNINITIALIZED_AUTOS = YES_AGGRESSIVE;
				GCC_WARN_UNUSED_FUNCTION = YES;
				GCC_WARN_UNUSED_VARIABLE = YES;
				IPHONEOS_DEPLOYMENT_TARGET = 11.4;
				MTL_ENABLE_DEBUG_INFO = NO;
				SDKROOT = iphoneos;
				SWIFT_COMPILATION_MODE = wholemodule;
				SWIFT_OPTIMIZATION_LEVEL = "-O";
				VALIDATE_PRODUCT = YES;
			};
			name = Release;
		};
		836ECB1521581CF100B6AA20 /* Debug */ = {
			isa = XCBuildConfiguration;
			baseConfigurationReference = 08125E41AE0477443CB409C1 /* Pods-Template.debug.xcconfig */;
			buildSettings = {
				ASSETCATALOG_COMPILER_APPICON_NAME = AppIcon;
				CODE_SIGN_STYLE = Automatic;
				DEVELOPMENT_TEAM = 65GNST43XC;
				INFOPLIST_FILE = Template/Info.plist;
				LD_RUNPATH_SEARCH_PATHS = (
					"$(inherited)",
					"@executable_path/Frameworks",
				);
				PRODUCT_BUNDLE_IDENTIFIER = perriott.llc.Template;
				PRODUCT_NAME = "$(TARGET_NAME)";
				SWIFT_VERSION = 4.0;
				TARGETED_DEVICE_FAMILY = "1,2";
			};
			name = Debug;
		};
		836ECB1621581CF100B6AA20 /* Release */ = {
			isa = XCBuildConfiguration;
			baseConfigurationReference = F4402EC7B02C7A6109214AAC /* Pods-Template.release.xcconfig */;
			buildSettings = {
				ASSETCATALOG_COMPILER_APPICON_NAME = AppIcon;
				CODE_SIGN_STYLE = Automatic;
				DEVELOPMENT_TEAM = 65GNST43XC;
				INFOPLIST_FILE = Template/Info.plist;
				LD_RUNPATH_SEARCH_PATHS = (
					"$(inherited)",
					"@executable_path/Frameworks",
				);
				PRODUCT_BUNDLE_IDENTIFIER = perriott.llc.Template;
				PRODUCT_NAME = "$(TARGET_NAME)";
				SWIFT_VERSION = 4.0;
				TARGETED_DEVICE_FAMILY = "1,2";
			};
			name = Release;
		};
		836ECB1821581CF100B6AA20 /* Debug */ = {
			isa = XCBuildConfiguration;
			baseConfigurationReference = 20C6F842C5DFEFC5F6DACA72 /* Pods-TemplateTests.debug.xcconfig */;
			buildSettings = {
				ALWAYS_EMBED_SWIFT_STANDARD_LIBRARIES = YES;
				BUNDLE_LOADER = "$(TEST_HOST)";
				CODE_SIGN_STYLE = Automatic;
				DEVELOPMENT_TEAM = 65GNST43XC;
				INFOPLIST_FILE = TemplateTests/Info.plist;
				LD_RUNPATH_SEARCH_PATHS = (
					"$(inherited)",
					"@executable_path/Frameworks",
					"@loader_path/Frameworks",
				);
				PRODUCT_BUNDLE_IDENTIFIER = perriott.llc.TemplateTests;
				PRODUCT_NAME = "$(TARGET_NAME)";
				SWIFT_VERSION = 4.0;
				TARGETED_DEVICE_FAMILY = "1,2";
				TEST_HOST = "$(BUILT_PRODUCTS_DIR)/Template.app/Template";
			};
			name = Debug;
		};
		836ECB1921581CF100B6AA20 /* Release */ = {
			isa = XCBuildConfiguration;
			baseConfigurationReference = 52F52814FB41EF0C16C26F77 /* Pods-TemplateTests.release.xcconfig */;
			buildSettings = {
				ALWAYS_EMBED_SWIFT_STANDARD_LIBRARIES = YES;
				BUNDLE_LOADER = "$(TEST_HOST)";
				CODE_SIGN_STYLE = Automatic;
				DEVELOPMENT_TEAM = 65GNST43XC;
				INFOPLIST_FILE = TemplateTests/Info.plist;
				LD_RUNPATH_SEARCH_PATHS = (
					"$(inherited)",
					"@executable_path/Frameworks",
					"@loader_path/Frameworks",
				);
				PRODUCT_BUNDLE_IDENTIFIER = perriott.llc.TemplateTests;
				PRODUCT_NAME = "$(TARGET_NAME)";
				SWIFT_VERSION = 4.0;
				TARGETED_DEVICE_FAMILY = "1,2";
				TEST_HOST = "$(BUILT_PRODUCTS_DIR)/Template.app/Template";
			};
			name = Release;
		};
/* End XCBuildConfiguration section */

/* Begin XCConfigurationList section */
		836ECAF221581CF000B6AA20 /* Build configuration list for PBXProject "Template" */ = {
			isa = XCConfigurationList;
			buildConfigurations = (
				836ECB1221581CF100B6AA20 /* Debug */,
				836ECB1321581CF100B6AA20 /* Release */,
			);
			defaultConfigurationIsVisible = 0;
			defaultConfigurationName = Release;
		};
		836ECB1421581CF100B6AA20 /* Build configuration list for PBXNativeTarget "Template" */ = {
			isa = XCConfigurationList;
			buildConfigurations = (
				836ECB1521581CF100B6AA20 /* Debug */,
				836ECB1621581CF100B6AA20 /* Release */,
			);
			defaultConfigurationIsVisible = 0;
			defaultConfigurationName = Release;
		};
		836ECB1721581CF100B6AA20 /* Build configuration list for PBXNativeTarget "TemplateTests" */ = {
			isa = XCConfigurationList;
			buildConfigurations = (
				836ECB1821581CF100B6AA20 /* Debug */,
				836ECB1921581CF100B6AA20 /* Release */,
			);
			defaultConfigurationIsVisible = 0;
			defaultConfigurationName = Release;
		};
/* End XCConfigurationList section */
	};
	rootObject = 836ECAEF21581CF000B6AA20 /* Project object */;
}
